
Microsoft Visual Studio Solution File, Format Version 12.00
Project("{FAE04EC0-301F-11D3-BF4B-00C04F79EFBC}") = "Blogify.Api", "src\Services\Blogging\Blogify.Api\Blogify.Api.csproj", "{A5F87C4D-82F4-46AB-B4E8-919D14D9B3DA}"
EndProject
Project("{FAE04EC0-301F-11D3-BF4B-00C04F79EFBC}") = "Blogify.Domain", "src\Services\Blogging\Blogify.Domain\Blogify.Domain.csproj", "{4CD94B94-2E40-4379-922D-60E7E7B587D3}"
EndProject
Project("{FAE04EC0-301F-11D3-BF4B-00C04F79EFBC}") = "Blogify.Infrastructure", "src\Services\Blogging\Blogify.Infrastructure\Blogify.Infrastructure.csproj", "{ECE8476C-809D-49D7-A8CD-DEE13424D49A}"
EndProject
Project("{FAE04EC0-301F-11D3-BF4B-00C04F79EFBC}") = "Blogify.GraphQL", "src\Services\Blogging\Blogify.GraphQL\Blogify.GraphQL.csproj", "{2F8E1068-B7E4-4A02-A117-04998E1F3B83}"
EndProject
Global
	GlobalSection(SolutionConfigurationPlatforms) = preSolution
		Debug|Any CPU = Debug|Any CPU
		Release|Any CPU = Release|Any CPU
	EndGlobalSection
	GlobalSection(ProjectConfigurationPlatforms) = postSolution
		{A5F87C4D-82F4-46AB-B4E8-919D14D9B3DA}.Debug|Any CPU.ActiveCfg = Debug|Any CPU
		{A5F87C4D-82F4-46AB-B4E8-919D14D9B3DA}.Debug|Any CPU.Build.0 = Debug|Any CPU
		{A5F87C4D-82F4-46AB-B4E8-919D14D9B3DA}.Release|Any CPU.ActiveCfg = Release|Any CPU
		{A5F87C4D-82F4-46AB-B4E8-919D14D9B3DA}.Release|Any CPU.Build.0 = Release|Any CPU
		{4CD94B94-2E40-4379-922D-60E7E7B587D3}.Debug|Any CPU.ActiveCfg = Debug|Any CPU
		{4CD94B94-2E40-4379-922D-60E7E7B587D3}.Debug|Any CPU.Build.0 = Debug|Any CPU
		{4CD94B94-2E40-4379-922D-60E7E7B587D3}.Release|Any CPU.ActiveCfg = Release|Any CPU
		{4CD94B94-2E40-4379-922D-60E7E7B587D3}.Release|Any CPU.Build.0 = Release|Any CPU
		{ECE8476C-809D-49D7-A8CD-DEE13424D49A}.Debug|Any CPU.ActiveCfg = Debug|Any CPU
		{ECE8476C-809D-49D7-A8CD-DEE13424D49A}.Debug|Any CPU.Build.0 = Debug|Any CPU
		{ECE8476C-809D-49D7-A8CD-DEE13424D49A}.Release|Any CPU.ActiveCfg = Release|Any CPU
		{ECE8476C-809D-49D7-A8CD-DEE13424D49A}.Release|Any CPU.Build.0 = Release|Any CPU
		{2F8E1068-B7E4-4A02-A117-04998E1F3B83}.Debug|Any CPU.ActiveCfg = Debug|Any CPU
		{2F8E1068-B7E4-4A02-A117-04998E1F3B83}.Debug|Any CPU.Build.0 = Debug|Any CPU
		{2F8E1068-B7E4-4A02-A117-04998E1F3B83}.Release|Any CPU.ActiveCfg = Release|Any CPU
		{2F8E1068-B7E4-4A02-A117-04998E1F3B83}.Release|Any CPU.Build.0 = Release|Any CPU
	EndGlobalSection
EndGlobal
